// !$*UTF8*$!
{
	archiveVersion = 1;
	classes = {
	};
	objectVersion = 55;
	objects = {

/* Begin PBXBuildFile section */
		D968821227B13CAF009F791B /* SwiftUICombineAndDataApp.swift in Sources */ = {isa = PBXBuildFile; fileRef = D968821127B13CAF009F791B /* SwiftUICombineAndDataApp.swift */; };
		D968821427B13CAF009F791B /* ContentView.swift in Sources */ = {isa = PBXBuildFile; fileRef = D968821327B13CAF009F791B /* ContentView.swift */; };
		D968821627B13CB0009F791B /* Assets.xcassets in Resources */ = {isa = PBXBuildFile; fileRef = D968821527B13CB0009F791B /* Assets.xcassets */; };
		D968821927B13CB0009F791B /* Preview Assets.xcassets in Resources */ = {isa = PBXBuildFile; fileRef = D968821827B13CB0009F791B /* Preview Assets.xcassets */; };
		D968822227B13D28009F791B /* VisualEffectBlur.swift in Sources */ = {isa = PBXBuildFile; fileRef = D968822027B13D28009F791B /* VisualEffectBlur.swift */; };
		D968822327B13D28009F791B /* AccountBackground.swift in Sources */ = {isa = PBXBuildFile; fileRef = D968822127B13D28009F791B /* AccountBackground.swift */; };
		D968822527B147A1009F791B /* TrackableScrollView.swift in Sources */ = {isa = PBXBuildFile; fileRef = D968822427B147A1009F791B /* TrackableScrollView.swift */; };
		D968822727B14C17009F791B /* MenuRow.swift in Sources */ = {isa = PBXBuildFile; fileRef = D968822627B14C17009F791B /* MenuRow.swift */; };
		D968822927B14D1C009F791B /* GradientIcon.swift in Sources */ = {isa = PBXBuildFile; fileRef = D968822827B14D1C009F791B /* GradientIcon.swift */; };
		D968822C27B3E894009F791B /* FAQView.swift in Sources */ = {isa = PBXBuildFile; fileRef = D968822B27B3E894009F791B /* FAQView.swift */; };
		D968822E27B3E8A0009F791B /* PackagesView.swift in Sources */ = {isa = PBXBuildFile; fileRef = D968822D27B3E8A0009F791B /* PackagesView.swift */; };
/* End PBXBuildFile section */

/* Begin PBXFileReference section */
		D968820E27B13CAF009F791B /* SwiftUICombineAndData.app */ = {isa = PBXFileReference; explicitFileType = wrapper.application; includeInIndex = 0; path = SwiftUICombineAndData.app; sourceTree = BUILT_PRODUCTS_DIR; };
		D968821127B13CAF009F791B /* SwiftUICombineAndDataApp.swift */ = {isa = PBXFileReference; lastKnownFileType = sourcecode.swift; path = SwiftUICombineAndDataApp.swift; sourceTree = "<group>"; };
		D968821327B13CAF009F791B /* ContentView.swift */ = {isa = PBXFileReference; lastKnownFileType = sourcecode.swift; path = ContentView.swift; sourceTree = "<group>"; };
		D968821527B13CB0009F791B /* Assets.xcassets */ = {isa = PBXFileReference; lastKnownFileType = folder.assetcatalog; path = Assets.xcassets; sourceTree = "<group>"; };
		D968821827B13CB0009F791B /* Preview Assets.xcassets */ = {isa = PBXFileReference; lastKnownFileType = folder.assetcatalog; path = "Preview Assets.xcassets"; sourceTree = "<group>"; };
		D968822027B13D28009F791B /* VisualEffectBlur.swift */ = {isa = PBXFileReference; fileEncoding = 4; lastKnownFileType = sourcecode.swift; path = VisualEffectBlur.swift; sourceTree = "<group>"; };
		D968822127B13D28009F791B /* AccountBackground.swift */ = {isa = PBXFileReference; fileEncoding = 4; lastKnownFileType = sourcecode.swift; path = AccountBackground.swift; sourceTree = "<group>"; };
		D968822427B147A1009F791B /* TrackableScrollView.swift */ = {isa = PBXFileReference; lastKnownFileType = sourcecode.swift; path = TrackableScrollView.swift; sourceTree = "<group>"; };
		D968822627B14C17009F791B /* MenuRow.swift */ = {isa = PBXFileReference; lastKnownFileType = sourcecode.swift; path = MenuRow.swift; sourceTree = "<group>"; };
		D968822827B14D1C009F791B /* GradientIcon.swift */ = {isa = PBXFileReference; lastKnownFileType = sourcecode.swift; path = GradientIcon.swift; sourceTree = "<group>"; };
		D968822A27B29AE3009F791B /* Info.plist */ = {isa = PBXFileReference; lastKnownFileType = text.plist; path = Info.plist; sourceTree = "<group>"; };
		D968822B27B3E894009F791B /* FAQView.swift */ = {isa = PBXFileReference; lastKnownFileType = sourcecode.swift; path = FAQView.swift; sourceTree = "<group>"; };
		D968822D27B3E8A0009F791B /* PackagesView.swift */ = {isa = PBXFileReference; lastKnownFileType = sourcecode.swift; path = PackagesView.swift; sourceTree = "<group>"; };
/* End PBXFileReference section */

/* Begin PBXFrameworksBuildPhase section */
		D968820B27B13CAF009F791B /* Frameworks */ = {
			isa = PBXFrameworksBuildPhase;
			buildActionMask = 2147483647;
			files = (
			);
			runOnlyForDeploymentPostprocessing = 0;
		};
/* End PBXFrameworksBuildPhase section */

/* Begin PBXGroup section */
		D968820527B13CAF009F791B = {
			isa = PBXGroup;
			children = (
				D968821027B13CAF009F791B /* SwiftUICombineAndData */,
				D968820F27B13CAF009F791B /* Products */,
			);
			sourceTree = "<group>";
		};
		D968820F27B13CAF009F791B /* Products */ = {
			isa = PBXGroup;
			children = (
				D968820E27B13CAF009F791B /* SwiftUICombineAndData.app */,
			);
			name = Products;
			sourceTree = "<group>";
		};
		D968821027B13CAF009F791B /* SwiftUICombineAndData */ = {
			isa = PBXGroup;
			children = (
				D968823327B3E8FD009F791B /* Components */,
				D968823227B3E8EE009F791B /* Utils */,
				D968822F27B3E8C6009F791B /* Views */,
				D968822A27B29AE3009F791B /* Info.plist */,
				D968821F27B13D0F009F791B /* Graphics */,
				D968821127B13CAF009F791B /* SwiftUICombineAndDataApp.swift */,
				D968821327B13CAF009F791B /* ContentView.swift */,
				D968821527B13CB0009F791B /* Assets.xcassets */,
				D968821727B13CB0009F791B /* Preview Content */,
			);
			path = SwiftUICombineAndData;
			sourceTree = "<group>";
		};
		D968821727B13CB0009F791B /* Preview Content */ = {
			isa = PBXGroup;
			children = (
				D968821827B13CB0009F791B /* Preview Assets.xcassets */,
			);
			path = "Preview Content";
			sourceTree = "<group>";
		};
		D968821F27B13D0F009F791B /* Graphics */ = {
			isa = PBXGroup;
			children = (
				D968822127B13D28009F791B /* AccountBackground.swift */,
				D968822027B13D28009F791B /* VisualEffectBlur.swift */,
			);
			path = Graphics;
			sourceTree = "<group>";
		};
		D968822F27B3E8C6009F791B /* Views */ = {
			isa = PBXGroup;
			children = (
				D968822B27B3E894009F791B /* FAQView.swift */,
				D968822D27B3E8A0009F791B /* PackagesView.swift */,
			);
			path = Views;
			sourceTree = "<group>";
		};
		D968823027B3E8D0009F791B /* Rows */ = {
			isa = PBXGroup;
			children = (
				D968822627B14C17009F791B /* MenuRow.swift */,
			);
			path = Rows;
			sourceTree = "<group>";
		};
		D968823127B3E8E4009F791B /* Other */ = {
			isa = PBXGroup;
			children = (
				D968822827B14D1C009F791B /* GradientIcon.swift */,
			);
			path = Other;
			sourceTree = "<group>";
		};
		D968823227B3E8EE009F791B /* Utils */ = {
			isa = PBXGroup;
			children = (
				D968822427B147A1009F791B /* TrackableScrollView.swift */,
			);
			path = Utils;
			sourceTree = "<group>";
		};
		D968823327B3E8FD009F791B /* Components */ = {
			isa = PBXGroup;
			children = (
				D968823127B3E8E4009F791B /* Other */,
				D968823027B3E8D0009F791B /* Rows */,
			);
			path = Components;
			sourceTree = "<group>";
		};
/* End PBXGroup section */

/* Begin PBXNativeTarget section */
		D968820D27B13CAF009F791B /* SwiftUICombineAndData */ = {
			isa = PBXNativeTarget;
			buildConfigurationList = D968821C27B13CB0009F791B /* Build configuration list for PBXNativeTarget "SwiftUICombineAndData" */;
			buildPhases = (
				D968820A27B13CAF009F791B /* Sources */,
				D968820B27B13CAF009F791B /* Frameworks */,
				D968820C27B13CAF009F791B /* Resources */,
			);
			buildRules = (
			);
			dependencies = (
			);
			name = SwiftUICombineAndData;
			productName = SwiftUICombineAndData;
			productReference = D968820E27B13CAF009F791B /* SwiftUICombineAndData.app */;
			productType = "com.apple.product-type.application";
		};
/* End PBXNativeTarget section */

/* Begin PBXProject section */
		D968820627B13CAF009F791B /* Project object */ = {
			isa = PBXProject;
			attributes = {
				BuildIndependentTargetsInParallel = 1;
				LastSwiftUpdateCheck = 1320;
				LastUpgradeCheck = 1320;
				TargetAttributes = {
					D968820D27B13CAF009F791B = {
						CreatedOnToolsVersion = 13.2.1;
					};
				};
			};
			buildConfigurationList = D968820927B13CAF009F791B /* Build configuration list for PBXProject "SwiftUICombineAndData" */;
			compatibilityVersion = "Xcode 13.0";
			developmentRegion = en;
			hasScannedForEncodings = 0;
			knownRegions = (
				en,
				Base,
			);
			mainGroup = D968820527B13CAF009F791B;
			productRefGroup = D968820F27B13CAF009F791B /* Products */;
			projectDirPath = "";
			projectRoot = "";
			targets = (
				D968820D27B13CAF009F791B /* SwiftUICombineAndData */,
			);
		};
/* End PBXProject section */

/* Begin PBXResourcesBuildPhase section */
		D968820C27B13CAF009F791B /* Resources */ = {
			isa = PBXResourcesBuildPhase;
			buildActionMask = 2147483647;
			files = (
				D968821927B13CB0009F791B /* Preview Assets.xcassets in Resources */,
				D968821627B13CB0009F791B /* Assets.xcassets in Resources */,
			);
			runOnlyForDeploymentPostprocessing = 0;
		};
/* End PBXResourcesBuildPhase section */

/* Begin PBXSourcesBuildPhase section */
		D968820A27B13CAF009F791B /* Sources */ = {
			isa = PBXSourcesBuildPhase;
			buildActionMask = 2147483647;
			files = (
				D968822227B13D28009F791B /* VisualEffectBlur.swift in Sources */,
				D968822527B147A1009F791B /* TrackableScrollView.swift in Sources */,
				D968821427B13CAF009F791B /* ContentView.swift in Sources */,
				D968822C27B3E894009F791B /* FAQView.swift in Sources */,
				D968822E27B3E8A0009F791B /* PackagesView.swift in Sources */,
				D968822927B14D1C009F791B /* GradientIcon.swift in Sources */,
				D968821227B13CAF009F791B /* SwiftUICombineAndDataApp.swift in Sources */,
				D968822327B13D28009F791B /* AccountBackground.swift in Sources */,
				D968822727B14C17009F791B /* MenuRow.swift in Sources */,
			);
			runOnlyForDeploymentPostprocessing = 0;
		};
/* End PBXSourcesBuildPhase section */

/* Begin XCBuildConfiguration section */
		D968821A27B13CB0009F791B /* Debug */ = {
			isa = XCBuildConfiguration;
			buildSettings = {
				ALWAYS_SEARCH_USER_PATHS = NO;
				CLANG_ANALYZER_NONNULL = YES;
				CLANG_ANALYZER_NUMBER_OBJECT_CONVERSION = YES_AGGRESSIVE;
				CLANG_CXX_LANGUAGE_STANDARD = "gnu++17";
				CLANG_CXX_LIBRARY = "libc++";
				CLANG_ENABLE_MODULES = YES;
				CLANG_ENABLE_OBJC_ARC = YES;
				CLANG_ENABLE_OBJC_WEAK = YES;
				CLANG_WARN_BLOCK_CAPTURE_AUTORELEASING = YES;
				CLANG_WARN_BOOL_CONVERSION = YES;
				CLANG_WARN_COMMA = YES;
				CLANG_WARN_CONSTANT_CONVERSION = YES;
				CLANG_WARN_DEPRECATED_OBJC_IMPLEMENTATIONS = YES;
				CLANG_WARN_DIRECT_OBJC_ISA_USAGE = YES_ERROR;
				CLANG_WARN_DOCUMENTATION_COMMENTS = YES;
				CLANG_WARN_EMPTY_BODY = YES;
				CLANG_WARN_ENUM_CONVERSION = YES;
				CLANG_WARN_INFINITE_RECURSION = YES;
				CLANG_WARN_INT_CONVERSION = YES;
				CLANG_WARN_NON_LITERAL_NULL_CONVERSION = YES;
				CLANG_WARN_OBJC_IMPLICIT_RETAIN_SELF = YES;
				CLANG_WARN_OBJC_LITERAL_CONVERSION = YES;
				CLANG_WARN_OBJC_ROOT_CLASS = YES_ERROR;
				CLANG_WARN_QUOTED_INCLUDE_IN_FRAMEWORK_HEADER = YES;
				CLANG_WARN_RANGE_LOOP_ANALYSIS = YES;
				CLANG_WARN_STRICT_PROTOTYPES = YES;
				CLANG_WARN_SUSPICIOUS_MOVE = YES;
				CLANG_WARN_UNGUARDED_AVAILABILITY = YES_AGGRESSIVE;
				CLANG_WARN_UNREACHABLE_CODE = YES;
				CLANG_WARN__DUPLICATE_METHOD_MATCH = YES;
				COPY_PHASE_STRIP = NO;
				DEBUG_INFORMATION_FORMAT = dwarf;
				ENABLE_STRICT_OBJC_MSGSEND = YES;
				ENABLE_TESTABILITY = YES;
				GCC_C_LANGUAGE_STANDARD = gnu11;
				GCC_DYNAMIC_NO_PIC = NO;
				GCC_NO_COMMON_BLOCKS = YES;
				GCC_OPTIMIZATION_LEVEL = 0;
				GCC_PREPROCESSOR_DEFINITIONS = (
					"DEBUG=1",
					"$(inherited)",
				);
				GCC_WARN_64_TO_32_BIT_CONVERSION = YES;
				GCC_WARN_ABOUT_RETURN_TYPE = YES_ERROR;
				GCC_WARN_UNDECLARED_SELECTOR = YES;
				GCC_WARN_UNINITIALIZED_AUTOS = YES_AGGRESSIVE;
				GCC_WARN_UNUSED_FUNCTION = YES;
				GCC_WARN_UNUSED_VARIABLE = YES;
				IPHONEOS_DEPLOYMENT_TARGET = 15.2;
				MTL_ENABLE_DEBUG_INFO = INCLUDE_SOURCE;
				MTL_FAST_MATH = YES;
				ONLY_ACTIVE_ARCH = YES;
				SDKROOT = iphoneos;
				SWIFT_ACTIVE_COMPILATION_CONDITIONS = DEBUG;
				SWIFT_OPTIMIZATION_LEVEL = "-Onone";
			};
			name = Debug;
		};
		D968821B27B13CB0009F791B /* Release */ = {
			isa = XCBuildConfiguration;
			buildSettings = {
				ALWAYS_SEARCH_USER_PATHS = NO;
				CLANG_ANALYZER_NONNULL = YES;
				CLANG_ANALYZER_NUMBER_OBJECT_CONVERSION = YES_AGGRESSIVE;
				CLANG_CXX_LANGUAGE_STANDARD = "gnu++17";
				CLANG_CXX_LIBRARY = "libc++";
				CLANG_ENABLE_MODULES = YES;
				CLANG_ENABLE_OBJC_ARC = YES;
				CLANG_ENABLE_OBJC_WEAK = YES;
				CLANG_WARN_BLOCK_CAPTURE_AUTORELEASING = YES;
				CLANG_WARN_BOOL_CONVERSION = YES;
				CLANG_WARN_COMMA = YES;
				CLANG_WARN_CONSTANT_CONVERSION = YES;
				CLANG_WARN_DEPRECATED_OBJC_IMPLEMENTATIONS = YES;
				CLANG_WARN_DIRECT_OBJC_ISA_USAGE = YES_ERROR;
				CLANG_WARN_DOCUMENTATION_COMMENTS = YES;
				CLANG_WARN_EMPTY_BODY = YES;
				CLANG_WARN_ENUM_CONVERSION = YES;
				CLANG_WARN_INFINITE_RECURSION = YES;
				CLANG_WARN_INT_CONVERSION = YES;
				CLANG_WARN_NON_LITERAL_NULL_CONVERSION = YES;
				CLANG_WARN_OBJC_IMPLICIT_RETAIN_SELF = YES;
				CLANG_WARN_OBJC_LITERAL_CONVERSION = YES;
				CLANG_WARN_OBJC_ROOT_CLASS = YES_ERROR;
				CLANG_WARN_QUOTED_INCLUDE_IN_FRAMEWORK_HEADER = YES;
				CLANG_WARN_RANGE_LOOP_ANALYSIS = YES;
				CLANG_WARN_STRICT_PROTOTYPES = YES;
				CLANG_WARN_SUSPICIOUS_MOVE = YES;
				CLANG_WARN_UNGUARDED_AVAILABILITY = YES_AGGRESSIVE;
				CLANG_WARN_UNREACHABLE_CODE = YES;
				CLANG_WARN__DUPLICATE_METHOD_MATCH = YES;
				COPY_PHASE_STRIP = NO;
				DEBUG_INFORMATION_FORMAT = "dwarf-with-dsym";
				ENABLE_NS_ASSERTIONS = NO;
				ENABLE_STRICT_OBJC_MSGSEND = YES;
				GCC_C_LANGUAGE_STANDARD = gnu11;
				GCC_NO_COMMON_BLOCKS = YES;
				GCC_WARN_64_TO_32_BIT_CONVERSION = YES;
				GCC_WARN_ABOUT_RETURN_TYPE = YES_ERROR;
				GCC_WARN_UNDECLARED_SELECTOR = YES;
				GCC_WARN_UNINITIALIZED_AUTOS = YES_AGGRESSIVE;
				GCC_WARN_UNUSED_FUNCTION = YES;
				GCC_WARN_UNUSED_VARIABLE = YES;
				IPHONEOS_DEPLOYMENT_TARGET = 15.2;
				MTL_ENABLE_DEBUG_INFO = NO;
				MTL_FAST_MATH = YES;
				SDKROOT = iphoneos;
				SWIFT_COMPILATION_MODE = wholemodule;
				SWIFT_OPTIMIZATION_LEVEL = "-O";
				VALIDATE_PRODUCT = YES;
			};
			name = Release;
		};
		D968821D27B13CB0009F791B /* Debug */ = {
			isa = XCBuildConfiguration;
			buildSettings = {
				ASSETCATALOG_COMPILER_APPICON_NAME = AppIcon;
				ASSETCATALOG_COMPILER_GLOBAL_ACCENT_COLOR_NAME = AccentColor;
				CODE_SIGN_STYLE = Automatic;
				CURRENT_PROJECT_VERSION = 1;
				DEVELOPMENT_ASSET_PATHS = "\"SwiftUICombineAndData/Preview Content\"";
				DEVELOPMENT_TEAM = YMWX5SW9T6;
				ENABLE_PREVIEWS = YES;
				GENERATE_INFOPLIST_FILE = YES;
				INFOPLIST_FILE = SwiftUICombineAndData/Info.plist;
				INFOPLIST_KEY_UIApplicationSceneManifest_Generation = YES;
				INFOPLIST_KEY_UIApplicationSupportsIndirectInputEvents = YES;
				INFOPLIST_KEY_UILaunchScreen_Generation = YES;
				INFOPLIST_KEY_UISupportedInterfaceOrientations_iPad = "UIInterfaceOrientationPortrait UIInterfaceOrientationPortraitUpsideDown UIInterfaceOrientationLandscapeLeft UIInterfaceOrientationLandscapeRight";
				INFOPLIST_KEY_UISupportedInterfaceOrientations_iPhone = "UIInterfaceOrientationPortrait UIInterfaceOrientationLandscapeLeft UIInterfaceOrientationLandscapeRight";
				LD_RUNPATH_SEARCH_PATHS = (
					"$(inherited)",
					"@executable_path/Frameworks",
				);
				MARKETING_VERSION = 1.0;
				PRODUCT_BUNDLE_IDENTIFIER = dev.austinburke.SwiftUICombineAndData;
				PRODUCT_NAME = "$(TARGET_NAME)";
				SWIFT_EMIT_LOC_STRINGS = YES;
				SWIFT_VERSION = 5.0;
				TARGETED_DEVICE_FAMILY = "1,2";
			};
			name = Debug;
		};
		D968821E27B13CB0009F791B /* Release */ = {
			isa = XCBuildConfiguration;
			buildSettings = {
				ASSETCATALOG_COMPILER_APPICON_NAME = AppIcon;
				ASSETCATALOG_COMPILER_GLOBAL_ACCENT_COLOR_NAME = AccentColor;
				CODE_SIGN_STYLE = Automatic;
				CURRENT_PROJECT_VERSION = 1;
				DEVELOPMENT_ASSET_PATHS = "\"SwiftUICombineAndData/Preview Content\"";
				DEVELOPMENT_TEAM = YMWX5SW9T6;
				ENABLE_PREVIEWS = YES;
				GENERATE_INFOPLIST_FILE = YES;
				INFOPLIST_FILE = SwiftUICombineAndData/Info.plist;
				INFOPLIST_KEY_UIApplicationSceneManifest_Generation = YES;
				INFOPLIST_KEY_UIApplicationSupportsIndirectInputEvents = YES;
				INFOPLIST_KEY_UILaunchScreen_Generation = YES;
				INFOPLIST_KEY_UISupportedInterfaceOrientations_iPad = "UIInterfaceOrientationPortrait UIInterfaceOrientationPortraitUpsideDown UIInterfaceOrientationLandscapeLeft UIInterfaceOrientationLandscapeRight";
				INFOPLIST_KEY_UISupportedInterfaceOrientations_iPhone = "UIInterfaceOrientationPortrait UIInterfaceOrientationLandscapeLeft UIInterfaceOrientationLandscapeRight";
				LD_RUNPATH_SEARCH_PATHS = (
					"$(inherited)",
					"@executable_path/Frameworks",
				);
				MARKETING_VERSION = 1.0;
				PRODUCT_BUNDLE_IDENTIFIER = dev.austinburke.SwiftUICombineAndData;
				PRODUCT_NAME = "$(TARGET_NAME)";
				SWIFT_EMIT_LOC_STRINGS = YES;
				SWIFT_VERSION = 5.0;
				TARGETED_DEVICE_FAMILY = "1,2";
			};
			name = Release;
		};
/* End XCBuildConfiguration section */

/* Begin XCConfigurationList section */
		D968820927B13CAF009F791B /* Build configuration list for PBXProject "SwiftUICombineAndData" */ = {
			isa = XCConfigurationList;
			buildConfigurations = (
				D968821A27B13CB0009F791B /* Debug */,
				D968821B27B13CB0009F791B /* Release */,
			);
			defaultConfigurationIsVisible = 0;
			defaultConfigurationName = Release;
		};
		D968821C27B13CB0009F791B /* Build configuration list for PBXNativeTarget "SwiftUICombineAndData" */ = {
			isa = XCConfigurationList;
			buildConfigurations = (
				D968821D27B13CB0009F791B /* Debug */,
				D968821E27B13CB0009F791B /* Release */,
			);
			defaultConfigurationIsVisible = 0;
			defaultConfigurationName = Release;
		};
/* End XCConfigurationList section */
	};
	rootObject = D968820627B13CAF009F791B /* Project object */;
}
